{
  "name": "ceiphr_assets",
  "version": "1.0.0",
  "lockfileVersion": 1,
  "requires": true,
  "dependencies": {
    "@ibm/plex": {
      "version": "3.0.0",
      "resolved": "https://registry.npmjs.org/@ibm/plex/-/plex-3.0.0.tgz",
      "integrity": "sha512-LIzh4hJ2HMUk6PqkH3eZHAQU/nm4pYe87b2PPA5LxNoDUkuR5U8UAUZl+XIXq1XH+cSpeZwKnIi7l3h+gQSfcg=="
    },
    "bulma": {
      "version": "0.7.5",
      "resolved": "https://registry.npmjs.org/bulma/-/bulma-0.7.5.tgz",
      "integrity": "sha512-cX98TIn0I6sKba/DhW0FBjtaDpxTelU166pf7ICXpCCuplHWyu6C9LYZmL5PEsnePIeJaiorsTEzzNk3Tsm1hw=="
    },
    "lazysizes": {
      "version": "5.1.1",
      "resolved": "https://registry.npmjs.org/lazysizes/-/lazysizes-5.1.1.tgz",
      "integrity": "sha512-UCbdRSsozjlS6r56dPMFXX+AW2t8G0duRKxQDwvEpNTrWOHQo56YlTx5ssT7epU87PoruF1q9tvW3kSbQjorMw=="
    }
  }
}
