{
  "name": "ceiphr_assets",
  "version": "1.0.0",
  "lockfileVersion": 1,
  "requires": true,
  "dependencies": {
    "@ibm/plex": {
      "version": "4.0.1",
      "resolved": "https://registry.npmjs.org/@ibm/plex/-/plex-4.0.1.tgz",
      "integrity": "sha512-+GsciSLDgDEZ6IDisQkUdZWpOrHVRzv1Ph8IjMYhOU/aVGfm+GMt0qwBoSvVh/SeHqi6DgFU6OAufeq8aFFONA=="
    },
    "bulma": {
      "version": "0.7.5",
      "resolved": "https://registry.npmjs.org/bulma/-/bulma-0.7.5.tgz",
      "integrity": "sha512-cX98TIn0I6sKba/DhW0FBjtaDpxTelU166pf7ICXpCCuplHWyu6C9LYZmL5PEsnePIeJaiorsTEzzNk3Tsm1hw=="
    },
    "lazysizes": {
      "version": "5.1.1",
      "resolved": "https://registry.npmjs.org/lazysizes/-/lazysizes-5.1.1.tgz",
      "integrity": "sha512-UCbdRSsozjlS6r56dPMFXX+AW2t8G0duRKxQDwvEpNTrWOHQo56YlTx5ssT7epU87PoruF1q9tvW3kSbQjorMw=="
    }
  }
}
